// !$*UTF8*$!
{
	archiveVersion = 1;
	classes = {
	};
	objectVersion = 46;
	objects = {

/* Begin PBXBuildFile section */
		8465A425182A3E4900332F67 /* CLServiceViewController.m in Sources */ = {isa = PBXBuildFile; fileRef = 8465A424182A3E4900332F67 /* CLServiceViewController.m */; };
		84E6005C182B6BEB00AB7B2C /* CLServiceCell.m in Sources */ = {isa = PBXBuildFile; fileRef = 84E6005B182B6BEB00AB7B2C /* CLServiceCell.m */; };
		84E60062182CCCA800AB7B2C /* blueMessage.png in Resources */ = {isa = PBXBuildFile; fileRef = 84E60061182CCCA800AB7B2C /* blueMessage.png */; };
		84E60064182CCCB400AB7B2C /* grayMessage.png in Resources */ = {isa = PBXBuildFile; fileRef = 84E60063182CCCB400AB7B2C /* grayMessage.png */; };
		9230725118BA568200FC5E9F /* CLMDetailViewController.m in Sources */ = {isa = PBXBuildFile; fileRef = 9230725018BA568200FC5E9F /* CLMDetailViewController.m */; };
		C3670C7017F13D7000F96F6D /* 1.jpg in Resources */ = {isa = PBXBuildFile; fileRef = C3670C5E17F13D7000F96F6D /* 1.jpg */; };
		C3670C7117F13D7000F96F6D /* 2.jpg in Resources */ = {isa = PBXBuildFile; fileRef = C3670C5F17F13D7000F96F6D /* 2.jpg */; };
		C3670C7217F13D7000F96F6D /* 3.jpg in Resources */ = {isa = PBXBuildFile; fileRef = C3670C6017F13D7000F96F6D /* 3.jpg */; };
		C3670C7317F13D7000F96F6D /* 10.jpg in Resources */ = {isa = PBXBuildFile; fileRef = C3670C6117F13D7000F96F6D /* 10.jpg */; };
		C3670C7417F13D7000F96F6D /* 4.jpg in Resources */ = {isa = PBXBuildFile; fileRef = C3670C6217F13D7000F96F6D /* 4.jpg */; };
		C3670C7517F13D7000F96F6D /* 5.jpg in Resources */ = {isa = PBXBuildFile; fileRef = C3670C6317F13D7000F96F6D /* 5.jpg */; };
		C3670C7617F13D7000F96F6D /* 15.jpg in Resources */ = {isa = PBXBuildFile; fileRef = C3670C6417F13D7000F96F6D /* 15.jpg */; };
		C3670C7717F13D7000F96F6D /* 6.jpg in Resources */ = {isa = PBXBuildFile; fileRef = C3670C6517F13D7000F96F6D /* 6.jpg */; };
		C3670C7817F13D7000F96F6D /* 7.jpg in Resources */ = {isa = PBXBuildFile; fileRef = C3670C6617F13D7000F96F6D /* 7.jpg */; };
		C3670C7917F13D7000F96F6D /* 8.jpg in Resources */ = {isa = PBXBuildFile; fileRef = C3670C6717F13D7000F96F6D /* 8.jpg */; };
		C3670C7A17F13D7000F96F6D /* 9.jpg in Resources */ = {isa = PBXBuildFile; fileRef = C3670C6817F13D7000F96F6D /* 9.jpg */; };
		C3670C7B17F13D7000F96F6D /* 11.jpg in Resources */ = {isa = PBXBuildFile; fileRef = C3670C6917F13D7000F96F6D /* 11.jpg */; };
		C3670C7C17F13D7000F96F6D /* 12.jpg in Resources */ = {isa = PBXBuildFile; fileRef = C3670C6A17F13D7000F96F6D /* 12.jpg */; };
		C3670C7D17F13D7000F96F6D /* 13.jpg in Resources */ = {isa = PBXBuildFile; fileRef = C3670C6B17F13D7000F96F6D /* 13.jpg */; };
		C3670C7E17F13D7000F96F6D /* 14.jpg in Resources */ = {isa = PBXBuildFile; fileRef = C3670C6C17F13D7000F96F6D /* 14.jpg */; };
		C3670C7F17F13D7000F96F6D /* 16.jpg in Resources */ = {isa = PBXBuildFile; fileRef = C3670C6D17F13D7000F96F6D /* 16.jpg */; };
		C3670C8017F13D7000F96F6D /* 17.jpg in Resources */ = {isa = PBXBuildFile; fileRef = C3670C6E17F13D7000F96F6D /* 17.jpg */; };
		C3670C8117F13D7000F96F6D /* 0.jpg in Resources */ = {isa = PBXBuildFile; fileRef = C3670C6F17F13D7000F96F6D /* 0.jpg */; };
		C39487521814527D00B0B8FC /* CLListTableViewCell.m in Sources */ = {isa = PBXBuildFile; fileRef = C39487511814527D00B0B8FC /* CLListTableViewCell.m */; };
		C3BE31721806809C00C39B88 /* libxml2.dylib in Frameworks */ = {isa = PBXBuildFile; fileRef = C3BE31711806809C00C39B88 /* libxml2.dylib */; };
		C3BE31851806915800C39B88 /* DDXMLElementAdditions.m in Sources */ = {isa = PBXBuildFile; fileRef = C3BE31781806915800C39B88 /* DDXMLElementAdditions.m */; settings = {COMPILER_FLAGS = "-fobjc-arc"; }; };
		C3BE31861806915800C39B88 /* NSString+DDXML.m in Sources */ = {isa = PBXBuildFile; fileRef = C3BE317B1806915800C39B88 /* NSString+DDXML.m */; settings = {COMPILER_FLAGS = "-fobjc-arc"; }; };
		C3BE31871806915800C39B88 /* DDXMLDocument.m in Sources */ = {isa = PBXBuildFile; fileRef = C3BE317E1806915800C39B88 /* DDXMLDocument.m */; settings = {COMPILER_FLAGS = "-fobjc-arc"; }; };
		C3BE31881806915800C39B88 /* DDXMLElement.m in Sources */ = {isa = PBXBuildFile; fileRef = C3BE31801806915800C39B88 /* DDXMLElement.m */; settings = {COMPILER_FLAGS = "-fobjc-arc"; }; };
		C3BE31891806915800C39B88 /* DDXMLNode.m in Sources */ = {isa = PBXBuildFile; fileRef = C3BE31821806915800C39B88 /* DDXMLNode.m */; settings = {COMPILER_FLAGS = "-fobjc-arc"; }; };
		C3CED0C317F2B9A9002EB8FF /* CLBashData.m in Sources */ = {isa = PBXBuildFile; fileRef = C3CED0C217F2B9A9002EB8FF /* CLBashData.m */; };
		C3CED11517F3FFB6002EB8FF /* CoreData.framework in Frameworks */ = {isa = PBXBuildFile; fileRef = C3CED11417F3FFB6002EB8FF /* CoreData.framework */; };
		C3CED11817F3FFE2002EB8FF /* listDB.xcdatamodeld in Sources */ = {isa = PBXBuildFile; fileRef = C3CED11617F3FFE2002EB8FF /* listDB.xcdatamodeld */; };
		C3CED12317F57C02002EB8FF /* worker.png in Resources */ = {isa = PBXBuildFile; fileRef = C3CED12017F57C02002EB8FF /* worker.png */; };
		C3CED12417F57C02002EB8FF /* bookkeeping.png in Resources */ = {isa = PBXBuildFile; fileRef = C3CED12117F57C02002EB8FF /* bookkeeping.png */; };
		C3CED12517F57C02002EB8FF /* direction.png in Resources */ = {isa = PBXBuildFile; fileRef = C3CED12217F57C02002EB8FF /* direction.png */; };
		C3CED12917F5875A002EB8FF /* icon.png in Resources */ = {isa = PBXBuildFile; fileRef = C3CED12717F5875A002EB8FF /* icon.png */; };
		C3CED12A17F5875A002EB8FF /* icon@2x.png in Resources */ = {isa = PBXBuildFile; fileRef = C3CED12817F5875A002EB8FF /* icon@2x.png */; };
		C3CED12E17F58C0C002EB8FF /* Default-568h@2x.png in Resources */ = {isa = PBXBuildFile; fileRef = C3CED12B17F58C0C002EB8FF /* Default-568h@2x.png */; };
		C3CED12F17F58C0C002EB8FF /* Default.png in Resources */ = {isa = PBXBuildFile; fileRef = C3CED12C17F58C0C002EB8FF /* Default.png */; };
		C3CED13017F58C0C002EB8FF /* Default@2x.png in Resources */ = {isa = PBXBuildFile; fileRef = C3CED12D17F58C0C002EB8FF /* Default@2x.png */; };
		C3D21F8217F096700016EFAD /* Foundation.framework in Frameworks */ = {isa = PBXBuildFile; fileRef = C3D21F8117F096700016EFAD /* Foundation.framework */; };
		C3D21F8417F096700016EFAD /* CoreGraphics.framework in Frameworks */ = {isa = PBXBuildFile; fileRef = C3D21F8317F096700016EFAD /* CoreGraphics.framework */; };
		C3D21F8617F096700016EFAD /* UIKit.framework in Frameworks */ = {isa = PBXBuildFile; fileRef = C3D21F8517F096700016EFAD /* UIKit.framework */; };
		C3D21F8C17F096700016EFAD /* InfoPlist.strings in Resources */ = {isa = PBXBuildFile; fileRef = C3D21F8A17F096700016EFAD /* InfoPlist.strings */; };
		C3D21F8E17F096700016EFAD /* main.m in Sources */ = {isa = PBXBuildFile; fileRef = C3D21F8D17F096700016EFAD /* main.m */; };
		C3D21F9217F096700016EFAD /* CLAppDelegate.m in Sources */ = {isa = PBXBuildFile; fileRef = C3D21F9117F096700016EFAD /* CLAppDelegate.m */; };
		C3D21F9417F096700016EFAD /* Images.xcassets in Resources */ = {isa = PBXBuildFile; fileRef = C3D21F9317F096700016EFAD /* Images.xcassets */; };
		C3D21F9B17F096710016EFAD /* XCTest.framework in Frameworks */ = {isa = PBXBuildFile; fileRef = C3D21F9A17F096710016EFAD /* XCTest.framework */; };
		C3D21F9C17F096710016EFAD /* Foundation.framework in Frameworks */ = {isa = PBXBuildFile; fileRef = C3D21F8117F096700016EFAD /* Foundation.framework */; };
		C3D21F9D17F096710016EFAD /* UIKit.framework in Frameworks */ = {isa = PBXBuildFile; fileRef = C3D21F8517F096700016EFAD /* UIKit.framework */; };
		C3D21FA517F096710016EFAD /* InfoPlist.strings in Resources */ = {isa = PBXBuildFile; fileRef = C3D21FA317F096710016EFAD /* InfoPlist.strings */; };
		C3D21FA717F096710016EFAD /* testJobProjectTests.m in Sources */ = {isa = PBXBuildFile; fileRef = C3D21FA617F096710016EFAD /* testJobProjectTests.m */; };
		C3D21FD117F0B4260016EFAD /* contact_card@2x.png in Resources */ = {isa = PBXBuildFile; fileRef = C3D21FCE17F0B4260016EFAD /* contact_card@2x.png */; };
		C3D21FD217F0B4260016EFAD /* domain@2x.png in Resources */ = {isa = PBXBuildFile; fileRef = C3D21FCF17F0B4260016EFAD /* domain@2x.png */; };
		C3D21FD317F0B4260016EFAD /* picture@2x.png in Resources */ = {isa = PBXBuildFile; fileRef = C3D21FD017F0B4260016EFAD /* picture@2x.png */; };
		C3D21FD717F0B5250016EFAD /* contact_card.png in Resources */ = {isa = PBXBuildFile; fileRef = C3D21FD417F0B5250016EFAD /* contact_card.png */; };
		C3D21FD817F0B5250016EFAD /* domain.png in Resources */ = {isa = PBXBuildFile; fileRef = C3D21FD517F0B5250016EFAD /* domain.png */; };
		C3D21FD917F0B5250016EFAD /* picture.png in Resources */ = {isa = PBXBuildFile; fileRef = C3D21FD617F0B5250016EFAD /* picture.png */; };
		C3D5F8BE180A81D700C6B40E /* ListViewController.m in Sources */ = {isa = PBXBuildFile; fileRef = C3D5F8BD180A81D700C6B40E /* ListViewController.m */; };
		C3D5F8C1180A832500C6B40E /* CLDataBaseDelegate.m in Sources */ = {isa = PBXBuildFile; fileRef = C3D5F8C0180A832500C6B40E /* CLDataBaseDelegate.m */; };
		C3D73CC818031FEA00B04EFF /* CLGallaryViewController.m in Sources */ = {isa = PBXBuildFile; fileRef = C3D73CC618031FEA00B04EFF /* CLGallaryViewController.m */; };
		C3D73CC918031FEA00B04EFF /* CLGallaryViewController.xib in Resources */ = {isa = PBXBuildFile; fileRef = C3D73CC718031FEA00B04EFF /* CLGallaryViewController.xib */; };
		C3E76BCF17F49B000053BBF7 /* CLDetailListViewController.m in Sources */ = {isa = PBXBuildFile; fileRef = C3E76BCD17F49AFF0053BBF7 /* CLDetailListViewController.m */; };
		C3E76BD017F49B000053BBF7 /* CLDetailListViewController.xib in Resources */ = {isa = PBXBuildFile; fileRef = C3E76BCE17F49AFF0053BBF7 /* CLDetailListViewController.xib */; };
		C3E7946618113B1D008F23A2 /* keyDoneHighlighted.png in Resources */ = {isa = PBXBuildFile; fileRef = C3E7946418113B1D008F23A2 /* keyDoneHighlighted.png */; };
		C3E7946718113B1D008F23A2 /* keyDoneNormal.png in Resources */ = {isa = PBXBuildFile; fileRef = C3E7946518113B1D008F23A2 /* keyDoneNormal.png */; };
		C3FB6FE0180BB1E30035F79A /* Bookkeeping.m in Sources */ = {isa = PBXBuildFile; fileRef = C3FB6FDF180BB1E30035F79A /* Bookkeeping.m */; };
		C3FB6FE3180BB1E30035F79A /* resourse.m in Sources */ = {isa = PBXBuildFile; fileRef = C3FB6FE2180BB1E30035F79A /* resourse.m */; };
		C3FB6FE6180BB1E30035F79A /* Direction.m in Sources */ = {isa = PBXBuildFile; fileRef = C3FB6FE5180BB1E30035F79A /* Direction.m */; };
		C3FB6FE9180BB1E40035F79A /* Worker.m in Sources */ = {isa = PBXBuildFile; fileRef = C3FB6FE8180BB1E40035F79A /* Worker.m */; };
/* End PBXBuildFile section */

/* Begin PBXContainerItemProxy section */
		C3D21F9E17F096710016EFAD /* PBXContainerItemProxy */ = {
			isa = PBXContainerItemProxy;
			containerPortal = C3D21F7617F096700016EFAD /* Project object */;
			proxyType = 1;
			remoteGlobalIDString = C3D21F7D17F096700016EFAD;
			remoteInfo = testJobProject;
		};
/* End PBXContainerItemProxy section */

/* Begin PBXFileReference section */
		8465A423182A3E4900332F67 /* CLServiceViewController.h */ = {isa = PBXFileReference; fileEncoding = 4; lastKnownFileType = sourcecode.c.h; path = CLServiceViewController.h; sourceTree = "<group>"; };
		8465A424182A3E4900332F67 /* CLServiceViewController.m */ = {isa = PBXFileReference; fileEncoding = 4; lastKnownFileType = sourcecode.c.objc; path = CLServiceViewController.m; sourceTree = "<group>"; };
		84E6005A182B6BEB00AB7B2C /* CLServiceCell.h */ = {isa = PBXFileReference; fileEncoding = 4; lastKnownFileType = sourcecode.c.h; path = CLServiceCell.h; sourceTree = "<group>"; };
		84E6005B182B6BEB00AB7B2C /* CLServiceCell.m */ = {isa = PBXFileReference; fileEncoding = 4; lastKnownFileType = sourcecode.c.objc; path = CLServiceCell.m; sourceTree = "<group>"; };
		84E60061182CCCA800AB7B2C /* blueMessage.png */ = {isa = PBXFileReference; lastKnownFileType = image.png; name = blueMessage.png; path = testJobProject/blueMessage.png; sourceTree = SOURCE_ROOT; };
		84E60063182CCCB400AB7B2C /* grayMessage.png */ = {isa = PBXFileReference; lastKnownFileType = image.png; name = grayMessage.png; path = testJobProject/grayMessage.png; sourceTree = SOURCE_ROOT; };
		9230724F18BA568200FC5E9F /* CLMDetailViewController.h */ = {isa = PBXFileReference; fileEncoding = 4; lastKnownFileType = sourcecode.c.h; path = CLMDetailViewController.h; sourceTree = "<group>"; };
		9230725018BA568200FC5E9F /* CLMDetailViewController.m */ = {isa = PBXFileReference; fileEncoding = 4; lastKnownFileType = sourcecode.c.objc; path = CLMDetailViewController.m; sourceTree = "<group>"; };
		C3670C5E17F13D7000F96F6D /* 1.jpg */ = {isa = PBXFileReference; lastKnownFileType = image.jpeg; path = 1.jpg; sourceTree = "<group>"; };
		C3670C5F17F13D7000F96F6D /* 2.jpg */ = {isa = PBXFileReference; lastKnownFileType = image.jpeg; path = 2.jpg; sourceTree = "<group>"; };
		C3670C6017F13D7000F96F6D /* 3.jpg */ = {isa = PBXFileReference; lastKnownFileType = image.jpeg; path = 3.jpg; sourceTree = "<group>"; };
		C3670C6117F13D7000F96F6D /* 10.jpg */ = {isa = PBXFileReference; lastKnownFileType = image.jpeg; path = 10.jpg; sourceTree = "<group>"; };
		C3670C6217F13D7000F96F6D /* 4.jpg */ = {isa = PBXFileReference; lastKnownFileType = image.jpeg; path = 4.jpg; sourceTree = "<group>"; };
		C3670C6317F13D7000F96F6D /* 5.jpg */ = {isa = PBXFileReference; lastKnownFileType = image.jpeg; path = 5.jpg; sourceTree = "<group>"; };
		C3670C6417F13D7000F96F6D /* 15.jpg */ = {isa = PBXFileReference; lastKnownFileType = image.jpeg; path = 15.jpg; sourceTree = "<group>"; };
		C3670C6517F13D7000F96F6D /* 6.jpg */ = {isa = PBXFileReference; lastKnownFileType = image.jpeg; path = 6.jpg; sourceTree = "<group>"; };
		C3670C6617F13D7000F96F6D /* 7.jpg */ = {isa = PBXFileReference; lastKnownFileType = image.jpeg; path = 7.jpg; sourceTree = "<group>"; };
		C3670C6717F13D7000F96F6D /* 8.jpg */ = {isa = PBXFileReference; lastKnownFileType = image.jpeg; path = 8.jpg; sourceTree = "<group>"; };
		C3670C6817F13D7000F96F6D /* 9.jpg */ = {isa = PBXFileReference; lastKnownFileType = image.jpeg; path = 9.jpg; sourceTree = "<group>"; };
		C3670C6917F13D7000F96F6D /* 11.jpg */ = {isa = PBXFileReference; lastKnownFileType = image.jpeg; path = 11.jpg; sourceTree = "<group>"; };
		C3670C6A17F13D7000F96F6D /* 12.jpg */ = {isa = PBXFileReference; lastKnownFileType = image.jpeg; path = 12.jpg; sourceTree = "<group>"; };
		C3670C6B17F13D7000F96F6D /* 13.jpg */ = {isa = PBXFileReference; lastKnownFileType = image.jpeg; path = 13.jpg; sourceTree = "<group>"; };
		C3670C6C17F13D7000F96F6D /* 14.jpg */ = {isa = PBXFileReference; lastKnownFileType = image.jpeg; path = 14.jpg; sourceTree = "<group>"; };
		C3670C6D17F13D7000F96F6D /* 16.jpg */ = {isa = PBXFileReference; lastKnownFileType = image.jpeg; path = 16.jpg; sourceTree = "<group>"; };
		C3670C6E17F13D7000F96F6D /* 17.jpg */ = {isa = PBXFileReference; lastKnownFileType = image.jpeg; path = 17.jpg; sourceTree = "<group>"; };
		C3670C6F17F13D7000F96F6D /* 0.jpg */ = {isa = PBXFileReference; lastKnownFileType = image.jpeg; path = 0.jpg; sourceTree = "<group>"; };
		C39487501814527D00B0B8FC /* CLListTableViewCell.h */ = {isa = PBXFileReference; fileEncoding = 4; lastKnownFileType = sourcecode.c.h; path = CLListTableViewCell.h; sourceTree = "<group>"; };
		C39487511814527D00B0B8FC /* CLListTableViewCell.m */ = {isa = PBXFileReference; fileEncoding = 4; lastKnownFileType = sourcecode.c.objc; path = CLListTableViewCell.m; sourceTree = "<group>"; };
		C3BE31711806809C00C39B88 /* libxml2.dylib */ = {isa = PBXFileReference; lastKnownFileType = "compiled.mach-o.dylib"; name = libxml2.dylib; path = usr/lib/libxml2.dylib; sourceTree = SDKROOT; };
		C3BE3173180681D500C39B88 /* libxml2.2.dylib */ = {isa = PBXFileReference; lastKnownFileType = "compiled.mach-o.dylib"; name = libxml2.2.dylib; path = usr/lib/libxml2.2.dylib; sourceTree = SDKROOT; };
		C3BE31771806915800C39B88 /* DDXMLElementAdditions.h */ = {isa = PBXFileReference; fileEncoding = 4; lastKnownFileType = sourcecode.c.h; path = DDXMLElementAdditions.h; sourceTree = "<group>"; };
		C3BE31781806915800C39B88 /* DDXMLElementAdditions.m */ = {isa = PBXFileReference; fileEncoding = 4; lastKnownFileType = sourcecode.c.objc; path = DDXMLElementAdditions.m; sourceTree = "<group>"; };
		C3BE317A1806915800C39B88 /* NSString+DDXML.h */ = {isa = PBXFileReference; fileEncoding = 4; lastKnownFileType = sourcecode.c.h; path = "NSString+DDXML.h"; sourceTree = "<group>"; };
		C3BE317B1806915800C39B88 /* NSString+DDXML.m */ = {isa = PBXFileReference; fileEncoding = 4; lastKnownFileType = sourcecode.c.objc; path = "NSString+DDXML.m"; sourceTree = "<group>"; };
		C3BE317C1806915800C39B88 /* DDXML.h */ = {isa = PBXFileReference; fileEncoding = 4; lastKnownFileType = sourcecode.c.h; path = DDXML.h; sourceTree = "<group>"; };
		C3BE317D1806915800C39B88 /* DDXMLDocument.h */ = {isa = PBXFileReference; fileEncoding = 4; lastKnownFileType = sourcecode.c.h; path = DDXMLDocument.h; sourceTree = "<group>"; };
		C3BE317E1806915800C39B88 /* DDXMLDocument.m */ = {isa = PBXFileReference; fileEncoding = 4; lastKnownFileType = sourcecode.c.objc; path = DDXMLDocument.m; sourceTree = "<group>"; };
		C3BE317F1806915800C39B88 /* DDXMLElement.h */ = {isa = PBXFileReference; fileEncoding = 4; lastKnownFileType = sourcecode.c.h; path = DDXMLElement.h; sourceTree = "<group>"; };
		C3BE31801806915800C39B88 /* DDXMLElement.m */ = {isa = PBXFileReference; fileEncoding = 4; lastKnownFileType = sourcecode.c.objc; path = DDXMLElement.m; sourceTree = "<group>"; };
		C3BE31811806915800C39B88 /* DDXMLNode.h */ = {isa = PBXFileReference; fileEncoding = 4; lastKnownFileType = sourcecode.c.h; path = DDXMLNode.h; sourceTree = "<group>"; };
		C3BE31821806915800C39B88 /* DDXMLNode.m */ = {isa = PBXFileReference; fileEncoding = 4; lastKnownFileType = sourcecode.c.objc; path = DDXMLNode.m; sourceTree = "<group>"; };
		C3BE31841806915800C39B88 /* DDXMLPrivate.h */ = {isa = PBXFileReference; fileEncoding = 4; lastKnownFileType = sourcecode.c.h; path = DDXMLPrivate.h; sourceTree = "<group>"; };
		C3CED0C117F2B9A9002EB8FF /* CLBashData.h */ = {isa = PBXFileReference; fileEncoding = 4; lastKnownFileType = sourcecode.c.h; path = CLBashData.h; sourceTree = "<group>"; };
		C3CED0C217F2B9A9002EB8FF /* CLBashData.m */ = {isa = PBXFileReference; fileEncoding = 4; lastKnownFileType = sourcecode.c.objc; path = CLBashData.m; sourceTree = "<group>"; };
		C3CED11417F3FFB6002EB8FF /* CoreData.framework */ = {isa = PBXFileReference; lastKnownFileType = wrapper.framework; name = CoreData.framework; path = System/Library/Frameworks/CoreData.framework; sourceTree = SDKROOT; };
		C3CED11717F3FFE2002EB8FF /* listDB.xcdatamodel */ = {isa = PBXFileReference; lastKnownFileType = wrapper.xcdatamodel; path = listDB.xcdatamodel; sourceTree = "<group>"; };
		C3CED12017F57C02002EB8FF /* worker.png */ = {isa = PBXFileReference; lastKnownFileType = image.png; name = worker.png; path = headerSectionImage/worker.png; sourceTree = "<group>"; };
		C3CED12117F57C02002EB8FF /* bookkeeping.png */ = {isa = PBXFileReference; lastKnownFileType = image.png; name = bookkeeping.png; path = headerSectionImage/bookkeeping.png; sourceTree = "<group>"; };
		C3CED12217F57C02002EB8FF /* direction.png */ = {isa = PBXFileReference; lastKnownFileType = image.png; name = direction.png; path = headerSectionImage/direction.png; sourceTree = "<group>"; };
		C3CED12717F5875A002EB8FF /* icon.png */ = {isa = PBXFileReference; lastKnownFileType = image.png; path = icon.png; sourceTree = "<group>"; };
		C3CED12817F5875A002EB8FF /* icon@2x.png */ = {isa = PBXFileReference; lastKnownFileType = image.png; path = "icon@2x.png"; sourceTree = "<group>"; };
		C3CED12B17F58C0C002EB8FF /* Default-568h@2x.png */ = {isa = PBXFileReference; lastKnownFileType = image.png; path = "Default-568h@2x.png"; sourceTree = "<group>"; };
		C3CED12C17F58C0C002EB8FF /* Default.png */ = {isa = PBXFileReference; lastKnownFileType = image.png; path = Default.png; sourceTree = "<group>"; };
		C3CED12D17F58C0C002EB8FF /* Default@2x.png */ = {isa = PBXFileReference; lastKnownFileType = image.png; path = "Default@2x.png"; sourceTree = "<group>"; };
		C3D21F7E17F096700016EFAD /* testJobProject.app */ = {isa = PBXFileReference; explicitFileType = wrapper.application; includeInIndex = 0; path = testJobProject.app; sourceTree = BUILT_PRODUCTS_DIR; };
		C3D21F8117F096700016EFAD /* Foundation.framework */ = {isa = PBXFileReference; lastKnownFileType = wrapper.framework; name = Foundation.framework; path = System/Library/Frameworks/Foundation.framework; sourceTree = SDKROOT; };
		C3D21F8317F096700016EFAD /* CoreGraphics.framework */ = {isa = PBXFileReference; lastKnownFileType = wrapper.framework; name = CoreGraphics.framework; path = System/Library/Frameworks/CoreGraphics.framework; sourceTree = SDKROOT; };
		C3D21F8517F096700016EFAD /* UIKit.framework */ = {isa = PBXFileReference; lastKnownFileType = wrapper.framework; name = UIKit.framework; path = System/Library/Frameworks/UIKit.framework; sourceTree = SDKROOT; };
		C3D21F8917F096700016EFAD /* testJobProject-Info.plist */ = {isa = PBXFileReference; lastKnownFileType = text.plist.xml; path = "testJobProject-Info.plist"; sourceTree = "<group>"; };
		C3D21F8B17F096700016EFAD /* en */ = {isa = PBXFileReference; lastKnownFileType = text.plist.strings; name = en; path = en.lproj/InfoPlist.strings; sourceTree = "<group>"; };
		C3D21F8D17F096700016EFAD /* main.m */ = {isa = PBXFileReference; lastKnownFileType = sourcecode.c.objc; path = main.m; sourceTree = "<group>"; };
		C3D21F8F17F096700016EFAD /* testJobProject-Prefix.pch */ = {isa = PBXFileReference; lastKnownFileType = sourcecode.c.h; path = "testJobProject-Prefix.pch"; sourceTree = "<group>"; };
		C3D21F9017F096700016EFAD /* CLAppDelegate.h */ = {isa = PBXFileReference; lastKnownFileType = sourcecode.c.h; path = CLAppDelegate.h; sourceTree = "<group>"; };
		C3D21F9117F096700016EFAD /* CLAppDelegate.m */ = {isa = PBXFileReference; lastKnownFileType = sourcecode.c.objc; path = CLAppDelegate.m; sourceTree = "<group>"; };
		C3D21F9317F096700016EFAD /* Images.xcassets */ = {isa = PBXFileReference; lastKnownFileType = folder.assetcatalog; path = Images.xcassets; sourceTree = "<group>"; };
		C3D21F9917F096710016EFAD /* testJobProjectTests.xctest */ = {isa = PBXFileReference; explicitFileType = wrapper.cfbundle; includeInIndex = 0; path = testJobProjectTests.xctest; sourceTree = BUILT_PRODUCTS_DIR; };
		C3D21F9A17F096710016EFAD /* XCTest.framework */ = {isa = PBXFileReference; lastKnownFileType = wrapper.framework; name = XCTest.framework; path = Library/Frameworks/XCTest.framework; sourceTree = DEVELOPER_DIR; };
		C3D21FA217F096710016EFAD /* testJobProjectTests-Info.plist */ = {isa = PBXFileReference; lastKnownFileType = text.plist.xml; path = "testJobProjectTests-Info.plist"; sourceTree = "<group>"; };
		C3D21FA417F096710016EFAD /* en */ = {isa = PBXFileReference; lastKnownFileType = text.plist.strings; name = en; path = en.lproj/InfoPlist.strings; sourceTree = "<group>"; };
		C3D21FA617F096710016EFAD /* testJobProjectTests.m */ = {isa = PBXFileReference; lastKnownFileType = sourcecode.c.objc; path = testJobProjectTests.m; sourceTree = "<group>"; };
		C3D21FCE17F0B4260016EFAD /* contact_card@2x.png */ = {isa = PBXFileReference; lastKnownFileType = image.png; path = "contact_card@2x.png"; sourceTree = "<group>"; };
		C3D21FCF17F0B4260016EFAD /* domain@2x.png */ = {isa = PBXFileReference; lastKnownFileType = image.png; path = "domain@2x.png"; sourceTree = "<group>"; };
		C3D21FD017F0B4260016EFAD /* picture@2x.png */ = {isa = PBXFileReference; lastKnownFileType = image.png; path = "picture@2x.png"; sourceTree = "<group>"; };
		C3D21FD417F0B5250016EFAD /* contact_card.png */ = {isa = PBXFileReference; lastKnownFileType = image.png; path = contact_card.png; sourceTree = "<group>"; };
		C3D21FD517F0B5250016EFAD /* domain.png */ = {isa = PBXFileReference; lastKnownFileType = image.png; path = domain.png; sourceTree = "<group>"; };
		C3D21FD617F0B5250016EFAD /* picture.png */ = {isa = PBXFileReference; lastKnownFileType = image.png; path = picture.png; sourceTree = "<group>"; };
		C3D5F8BC180A81D700C6B40E /* ListViewController.h */ = {isa = PBXFileReference; fileEncoding = 4; lastKnownFileType = sourcecode.c.h; name = ListViewController.h; path = ../ListViewController.h; sourceTree = "<group>"; };
		C3D5F8BD180A81D700C6B40E /* ListViewController.m */ = {isa = PBXFileReference; fileEncoding = 4; lastKnownFileType = sourcecode.c.objc; name = ListViewController.m; path = ../ListViewController.m; sourceTree = "<group>"; };
		C3D5F8BF180A832500C6B40E /* CLDataBaseDelegate.h */ = {isa = PBXFileReference; fileEncoding = 4; lastKnownFileType = sourcecode.c.h; path = CLDataBaseDelegate.h; sourceTree = "<group>"; };
		C3D5F8C0180A832500C6B40E /* CLDataBaseDelegate.m */ = {isa = PBXFileReference; fileEncoding = 4; lastKnownFileType = sourcecode.c.objc; path = CLDataBaseDelegate.m; sourceTree = "<group>"; };
		C3D73CC518031FEA00B04EFF /* CLGallaryViewController.h */ = {isa = PBXFileReference; fileEncoding = 4; lastKnownFileType = sourcecode.c.h; name = CLGallaryViewController.h; path = ../CLGallaryViewController.h; sourceTree = "<group>"; };
		C3D73CC618031FEA00B04EFF /* CLGallaryViewController.m */ = {isa = PBXFileReference; fileEncoding = 4; lastKnownFileType = sourcecode.c.objc; name = CLGallaryViewController.m; path = ../CLGallaryViewController.m; sourceTree = "<group>"; };
		C3D73CC718031FEA00B04EFF /* CLGallaryViewController.xib */ = {isa = PBXFileReference; fileEncoding = 4; lastKnownFileType = file.xib; name = CLGallaryViewController.xib; path = ../CLGallaryViewController.xib; sourceTree = "<group>"; };
		C3DF03A7180C483500804FED /* constants.h */ = {isa = PBXFileReference; lastKnownFileType = sourcecode.c.h; path = constants.h; sourceTree = "<group>"; };
		C3E76BCC17F49AFF0053BBF7 /* CLDetailListViewController.h */ = {isa = PBXFileReference; fileEncoding = 4; lastKnownFileType = sourcecode.c.h; path = CLDetailListViewController.h; sourceTree = "<group>"; };
		C3E76BCD17F49AFF0053BBF7 /* CLDetailListViewController.m */ = {isa = PBXFileReference; fileEncoding = 4; lastKnownFileType = sourcecode.c.objc; path = CLDetailListViewController.m; sourceTree = "<group>"; };
		C3E76BCE17F49AFF0053BBF7 /* CLDetailListViewController.xib */ = {isa = PBXFileReference; fileEncoding = 4; lastKnownFileType = file.xib; path = CLDetailListViewController.xib; sourceTree = "<group>"; };
		C3E7946418113B1D008F23A2 /* keyDoneHighlighted.png */ = {isa = PBXFileReference; lastKnownFileType = image.png; name = keyDoneHighlighted.png; path = testJobProject/Images.xcassets/keyDoneHighlighted.png; sourceTree = SOURCE_ROOT; };
		C3E7946518113B1D008F23A2 /* keyDoneNormal.png */ = {isa = PBXFileReference; lastKnownFileType = image.png; name = keyDoneNormal.png; path = testJobProject/Images.xcassets/keyDoneNormal.png; sourceTree = SOURCE_ROOT; };
		C3FB6FDE180BB1E30035F79A /* Bookkeeping.h */ = {isa = PBXFileReference; fileEncoding = 4; lastKnownFileType = sourcecode.c.h; path = Bookkeeping.h; sourceTree = "<group>"; };
		C3FB6FDF180BB1E30035F79A /* Bookkeeping.m */ = {isa = PBXFileReference; fileEncoding = 4; lastKnownFileType = sourcecode.c.objc; path = Bookkeeping.m; sourceTree = "<group>"; };
		C3FB6FE1180BB1E30035F79A /* resourse.h */ = {isa = PBXFileReference; fileEncoding = 4; lastKnownFileType = sourcecode.c.h; name = resourse.h; path = testJobProject/resourse.h; sourceTree = SOURCE_ROOT; };
		C3FB6FE2180BB1E30035F79A /* resourse.m */ = {isa = PBXFileReference; fileEncoding = 4; lastKnownFileType = sourcecode.c.objc; name = resourse.m; path = testJobProject/resourse.m; sourceTree = SOURCE_ROOT; };
		C3FB6FE4180BB1E30035F79A /* Direction.h */ = {isa = PBXFileReference; fileEncoding = 4; lastKnownFileType = sourcecode.c.h; path = Direction.h; sourceTree = "<group>"; };
		C3FB6FE5180BB1E30035F79A /* Direction.m */ = {isa = PBXFileReference; fileEncoding = 4; lastKnownFileType = sourcecode.c.objc; path = Direction.m; sourceTree = "<group>"; };
		C3FB6FE7180BB1E40035F79A /* Worker.h */ = {isa = PBXFileReference; fileEncoding = 4; lastKnownFileType = sourcecode.c.h; path = Worker.h; sourceTree = "<group>"; };
		C3FB6FE8180BB1E40035F79A /* Worker.m */ = {isa = PBXFileReference; fileEncoding = 4; lastKnownFileType = sourcecode.c.objc; path = Worker.m; sourceTree = "<group>"; };
/* End PBXFileReference section */

/* Begin PBXFrameworksBuildPhase section */
		C3D21F7B17F096700016EFAD /* Frameworks */ = {
			isa = PBXFrameworksBuildPhase;
			buildActionMask = 2147483647;
			files = (
				C3BE31721806809C00C39B88 /* libxml2.dylib in Frameworks */,
				C3CED11517F3FFB6002EB8FF /* CoreData.framework in Frameworks */,
				C3D21F8417F096700016EFAD /* CoreGraphics.framework in Frameworks */,
				C3D21F8617F096700016EFAD /* UIKit.framework in Frameworks */,
				C3D21F8217F096700016EFAD /* Foundation.framework in Frameworks */,
			);
			runOnlyForDeploymentPostprocessing = 0;
		};
		C3D21F9617F096710016EFAD /* Frameworks */ = {
			isa = PBXFrameworksBuildPhase;
			buildActionMask = 2147483647;
			files = (
				C3D21F9B17F096710016EFAD /* XCTest.framework in Frameworks */,
				C3D21F9D17F096710016EFAD /* UIKit.framework in Frameworks */,
				C3D21F9C17F096710016EFAD /* Foundation.framework in Frameworks */,
			);
			runOnlyForDeploymentPostprocessing = 0;
		};
/* End PBXFrameworksBuildPhase section */

/* Begin PBXGroup section */
		9230724E18BA4C1300FC5E9F /* List 2 */ = {
			isa = PBXGroup;
			children = (
			);
			name = "List 2";
			sourceTree = "<group>";
		};
		C3670C5D17F13D7000F96F6D /* pictures */ = {
			isa = PBXGroup;
			children = (
				C3670C5E17F13D7000F96F6D /* 1.jpg */,
				C3670C5F17F13D7000F96F6D /* 2.jpg */,
				C3670C6017F13D7000F96F6D /* 3.jpg */,
				C3670C6217F13D7000F96F6D /* 4.jpg */,
				C3670C6317F13D7000F96F6D /* 5.jpg */,
				C3670C6517F13D7000F96F6D /* 6.jpg */,
				C3670C6617F13D7000F96F6D /* 7.jpg */,
				C3670C6717F13D7000F96F6D /* 8.jpg */,
				C3670C6817F13D7000F96F6D /* 9.jpg */,
				C3670C6117F13D7000F96F6D /* 10.jpg */,
				C3670C6917F13D7000F96F6D /* 11.jpg */,
				C3670C6A17F13D7000F96F6D /* 12.jpg */,
				C3670C6B17F13D7000F96F6D /* 13.jpg */,
				C3670C6C17F13D7000F96F6D /* 14.jpg */,
				C3670C6417F13D7000F96F6D /* 15.jpg */,
				C3670C6D17F13D7000F96F6D /* 16.jpg */,
				C3670C6E17F13D7000F96F6D /* 17.jpg */,
				C3670C6F17F13D7000F96F6D /* 0.jpg */,
			);
			path = pictures;
			sourceTree = "<group>";
		};
		C3670CD917F2A68000F96F6D /* Gallery */ = {
			isa = PBXGroup;
			children = (
				C3670C5D17F13D7000F96F6D /* pictures */,
				C3D73CC518031FEA00B04EFF /* CLGallaryViewController.h */,
				C3D73CC618031FEA00B04EFF /* CLGallaryViewController.m */,
				C3D73CC718031FEA00B04EFF /* CLGallaryViewController.xib */,
			);
			name = Gallery;
			path = resourse;
			sourceTree = "<group>";
		};
		C3670CDA17F2A68300F96F6D /* Service */ = {
			isa = PBXGroup;
			children = (
				C3BE31751806915800C39B88 /* KissXML */,
				C3CED0C117F2B9A9002EB8FF /* CLBashData.h */,
				C3CED0C217F2B9A9002EB8FF /* CLBashData.m */,
				8465A423182A3E4900332F67 /* CLServiceViewController.h */,
				8465A424182A3E4900332F67 /* CLServiceViewController.m */,
				84E6005A182B6BEB00AB7B2C /* CLServiceCell.h */,
				84E6005B182B6BEB00AB7B2C /* CLServiceCell.m */,
				84E60063182CCCB400AB7B2C /* grayMessage.png */,
				84E60061182CCCA800AB7B2C /* blueMessage.png */,
			);
			name = Service;
			path = resourse;
			sourceTree = "<group>";
		};
		C3BE31751806915800C39B88 /* KissXML */ = {
			isa = PBXGroup;
			children = (
				C3BE31761806915800C39B88 /* Additions */,
				C3BE31791806915800C39B88 /* Categories */,
				C3BE317C1806915800C39B88 /* DDXML.h */,
				C3BE317D1806915800C39B88 /* DDXMLDocument.h */,
				C3BE317E1806915800C39B88 /* DDXMLDocument.m */,
				C3BE317F1806915800C39B88 /* DDXMLElement.h */,
				C3BE31801806915800C39B88 /* DDXMLElement.m */,
				C3BE31811806915800C39B88 /* DDXMLNode.h */,
				C3BE31821806915800C39B88 /* DDXMLNode.m */,
				C3BE31831806915800C39B88 /* Private */,
			);
			name = KissXML;
			path = testJobProject/KissXML;
			sourceTree = SOURCE_ROOT;
		};
		C3BE31761806915800C39B88 /* Additions */ = {
			isa = PBXGroup;
			children = (
				C3BE31771806915800C39B88 /* DDXMLElementAdditions.h */,
				C3BE31781806915800C39B88 /* DDXMLElementAdditions.m */,
			);
			path = Additions;
			sourceTree = "<group>";
		};
		C3BE31791806915800C39B88 /* Categories */ = {
			isa = PBXGroup;
			children = (
				C3BE317A1806915800C39B88 /* NSString+DDXML.h */,
				C3BE317B1806915800C39B88 /* NSString+DDXML.m */,
			);
			path = Categories;
			sourceTree = "<group>";
		};
		C3BE31831806915800C39B88 /* Private */ = {
			isa = PBXGroup;
			children = (
				C3BE31841806915800C39B88 /* DDXMLPrivate.h */,
			);
			path = Private;
			sourceTree = "<group>";
		};
		C3CED12617F57EC1002EB8FF /* imageHeaderSection */ = {
			isa = PBXGroup;
			children = (
				C3CED12017F57C02002EB8FF /* worker.png */,
				C3CED12117F57C02002EB8FF /* bookkeeping.png */,
				C3CED12217F57C02002EB8FF /* direction.png */,
			);
			name = imageHeaderSection;
			sourceTree = "<group>";
		};
		C3D21F7517F096700016EFAD = {
			isa = PBXGroup;
			children = (
				C3D21F8717F096700016EFAD /* testJobProject */,
				C3D21FA017F096710016EFAD /* testJobProjectTests */,
				C3D21F8017F096700016EFAD /* Frameworks */,
				C3D21F7F17F096700016EFAD /* Products */,
			);
			sourceTree = "<group>";
		};
		C3D21F7F17F096700016EFAD /* Products */ = {
			isa = PBXGroup;
			children = (
				C3D21F7E17F096700016EFAD /* testJobProject.app */,
				C3D21F9917F096710016EFAD /* testJobProjectTests.xctest */,
			);
			name = Products;
			sourceTree = "<group>";
		};
		C3D21F8017F096700016EFAD /* Frameworks */ = {
			isa = PBXGroup;
			children = (
				C3BE3173180681D500C39B88 /* libxml2.2.dylib */,
				C3BE31711806809C00C39B88 /* libxml2.dylib */,
				C3CED11417F3FFB6002EB8FF /* CoreData.framework */,
				C3D21F8117F096700016EFAD /* Foundation.framework */,
				C3D21F8317F096700016EFAD /* CoreGraphics.framework */,
				C3D21F8517F096700016EFAD /* UIKit.framework */,
				C3D21F9A17F096710016EFAD /* XCTest.framework */,
			);
			name = Frameworks;
			sourceTree = "<group>";
		};
		C3D21F8717F096700016EFAD /* testJobProject */ = {
			isa = PBXGroup;
			children = (
				9230724E18BA4C1300FC5E9F /* List 2 */,
				C3D21FC617F0B1F20016EFAD /* resourse */,
				C3D21F9017F096700016EFAD /* CLAppDelegate.h */,
				C3D21F9117F096700016EFAD /* CLAppDelegate.m */,
				C3D21F9317F096700016EFAD /* Images.xcassets */,
				C3E1896517F348D9005C1D74 /* List */,
				C3670CD917F2A68000F96F6D /* Gallery */,
				C3670CDA17F2A68300F96F6D /* Service */,
				C3D21FC717F0B1F20016EFAD /* tabBarIcon */,
				C3D21F8817F096700016EFAD /* Supporting Files */,
			);
			path = testJobProject;
			sourceTree = "<group>";
		};
		C3D21F8817F096700016EFAD /* Supporting Files */ = {
			isa = PBXGroup;
			children = (
				C3D21F8917F096700016EFAD /* testJobProject-Info.plist */,
				C3D21F8A17F096700016EFAD /* InfoPlist.strings */,
				C3D21F8D17F096700016EFAD /* main.m */,
				C3D21F8F17F096700016EFAD /* testJobProject-Prefix.pch */,
			);
			name = "Supporting Files";
			sourceTree = "<group>";
		};
		C3D21FA017F096710016EFAD /* testJobProjectTests */ = {
			isa = PBXGroup;
			children = (
				C3D21FA617F096710016EFAD /* testJobProjectTests.m */,
				C3D21FA117F096710016EFAD /* Supporting Files */,
			);
			path = testJobProjectTests;
			sourceTree = "<group>";
		};
		C3D21FA117F096710016EFAD /* Supporting Files */ = {
			isa = PBXGroup;
			children = (
				C3D21FA217F096710016EFAD /* testJobProjectTests-Info.plist */,
				C3D21FA317F096710016EFAD /* InfoPlist.strings */,
			);
			name = "Supporting Files";
			sourceTree = "<group>";
		};
		C3D21FC617F0B1F20016EFAD /* resourse */ = {
			isa = PBXGroup;
			children = (
				C3CED12B17F58C0C002EB8FF /* Default-568h@2x.png */,
				C3CED12C17F58C0C002EB8FF /* Default.png */,
				C3CED12D17F58C0C002EB8FF /* Default@2x.png */,
				C3CED12717F5875A002EB8FF /* icon.png */,
				C3CED12817F5875A002EB8FF /* icon@2x.png */,
			);
			path = resourse;
			sourceTree = "<group>";
		};
		C3D21FC717F0B1F20016EFAD /* tabBarIcon */ = {
			isa = PBXGroup;
			children = (
				C3D21FD417F0B5250016EFAD /* contact_card.png */,
				C3D21FD517F0B5250016EFAD /* domain.png */,
				C3D21FD617F0B5250016EFAD /* picture.png */,
				C3D21FCE17F0B4260016EFAD /* contact_card@2x.png */,
				C3D21FCF17F0B4260016EFAD /* domain@2x.png */,
				C3D21FD017F0B4260016EFAD /* picture@2x.png */,
			);
			name = tabBarIcon;
			path = resourse/tabBarIcon;
			sourceTree = "<group>";
		};
		C3D83D68180D155900DBB3EF /* resourse */ = {
			isa = PBXGroup;
			children = (
				C3E7946418113B1D008F23A2 /* keyDoneHighlighted.png */,
				C3E7946518113B1D008F23A2 /* keyDoneNormal.png */,
				C3DF03A7180C483500804FED /* constants.h */,
				C3FB6FE7180BB1E40035F79A /* Worker.h */,
				C3FB6FE8180BB1E40035F79A /* Worker.m */,
				C3FB6FE4180BB1E30035F79A /* Direction.h */,
				C3FB6FE5180BB1E30035F79A /* Direction.m */,
				C3FB6FE1180BB1E30035F79A /* resourse.h */,
				C3FB6FE2180BB1E30035F79A /* resourse.m */,
				C3FB6FDE180BB1E30035F79A /* Bookkeeping.h */,
				C3FB6FDF180BB1E30035F79A /* Bookkeeping.m */,
			);
			name = resourse;
			sourceTree = "<group>";
		};
		C3E1896517F348D9005C1D74 /* List */ = {
			isa = PBXGroup;
			children = (
				C3D83D68180D155900DBB3EF /* resourse */,
				C3CED12617F57EC1002EB8FF /* imageHeaderSection */,
				C3CED11617F3FFE2002EB8FF /* listDB.xcdatamodeld */,
				C39487501814527D00B0B8FC /* CLListTableViewCell.h */,
				C39487511814527D00B0B8FC /* CLListTableViewCell.m */,
				C3D5F8BC180A81D700C6B40E /* ListViewController.h */,
				C3D5F8BD180A81D700C6B40E /* ListViewController.m */,
				C3E76BCC17F49AFF0053BBF7 /* CLDetailListViewController.h */,
				C3E76BCD17F49AFF0053BBF7 /* CLDetailListViewController.m */,
				C3E76BCE17F49AFF0053BBF7 /* CLDetailListViewController.xib */,
				C3D5F8BF180A832500C6B40E /* CLDataBaseDelegate.h */,
				C3D5F8C0180A832500C6B40E /* CLDataBaseDelegate.m */,
				9230724F18BA568200FC5E9F /* CLMDetailViewController.h */,
				9230725018BA568200FC5E9F /* CLMDetailViewController.m */,
			);
			name = List;
			path = resourse;
			sourceTree = "<group>";
		};
/* End PBXGroup section */

/* Begin PBXNativeTarget section */
		C3D21F7D17F096700016EFAD /* testJobProject */ = {
			isa = PBXNativeTarget;
			buildConfigurationList = C3D21FAA17F096710016EFAD /* Build configuration list for PBXNativeTarget "testJobProject" */;
			buildPhases = (
				C3D21F7A17F096700016EFAD /* Sources */,
				C3D21F7B17F096700016EFAD /* Frameworks */,
				C3D21F7C17F096700016EFAD /* Resources */,
			);
			buildRules = (
			);
			dependencies = (
			);
			name = testJobProject;
			productName = testJobProject;
			productReference = C3D21F7E17F096700016EFAD /* testJobProject.app */;
			productType = "com.apple.product-type.application";
		};
		C3D21F9817F096710016EFAD /* testJobProjectTests */ = {
			isa = PBXNativeTarget;
			buildConfigurationList = C3D21FAD17F096710016EFAD /* Build configuration list for PBXNativeTarget "testJobProjectTests" */;
			buildPhases = (
				C3D21F9517F096710016EFAD /* Sources */,
				C3D21F9617F096710016EFAD /* Frameworks */,
				C3D21F9717F096710016EFAD /* Resources */,
			);
			buildRules = (
			);
			dependencies = (
				C3D21F9F17F096710016EFAD /* PBXTargetDependency */,
			);
			name = testJobProjectTests;
			productName = testJobProjectTests;
			productReference = C3D21F9917F096710016EFAD /* testJobProjectTests.xctest */;
			productType = "com.apple.product-type.bundle.unit-test";
		};
/* End PBXNativeTarget section */

/* Begin PBXProject section */
		C3D21F7617F096700016EFAD /* Project object */ = {
			isa = PBXProject;
			attributes = {
				CLASSPREFIX = CL;
				LastUpgradeCheck = 0500;
				ORGANIZATIONNAME = ChematiksLabs;
				TargetAttributes = {
					C3D21F9817F096710016EFAD = {
						TestTargetID = C3D21F7D17F096700016EFAD;
					};
				};
			};
			buildConfigurationList = C3D21F7917F096700016EFAD /* Build configuration list for PBXProject "testJobProject" */;
			compatibilityVersion = "Xcode 3.2";
			developmentRegion = English;
			hasScannedForEncodings = 0;
			knownRegions = (
				en,
			);
			mainGroup = C3D21F7517F096700016EFAD;
			productRefGroup = C3D21F7F17F096700016EFAD /* Products */;
			projectDirPath = "";
			projectRoot = "";
			targets = (
				C3D21F7D17F096700016EFAD /* testJobProject */,
				C3D21F9817F096710016EFAD /* testJobProjectTests */,
			);
		};
/* End PBXProject section */

/* Begin PBXResourcesBuildPhase section */
		C3D21F7C17F096700016EFAD /* Resources */ = {
			isa = PBXResourcesBuildPhase;
			buildActionMask = 2147483647;
			files = (
				C3CED12917F5875A002EB8FF /* icon.png in Resources */,
				C3CED12E17F58C0C002EB8FF /* Default-568h@2x.png in Resources */,
				C3D21F8C17F096700016EFAD /* InfoPlist.strings in Resources */,
				C3670C7117F13D7000F96F6D /* 2.jpg in Resources */,
				C3D21FD117F0B4260016EFAD /* contact_card@2x.png in Resources */,
				C3670C7A17F13D7000F96F6D /* 9.jpg in Resources */,
				C3D21FD217F0B4260016EFAD /* domain@2x.png in Resources */,
				C3670C7717F13D7000F96F6D /* 6.jpg in Resources */,
				C3D21F9417F096700016EFAD /* Images.xcassets in Resources */,
				C3CED12F17F58C0C002EB8FF /* Default.png in Resources */,
				C3670C7D17F13D7000F96F6D /* 13.jpg in Resources */,
				C3CED12317F57C02002EB8FF /* worker.png in Resources */,
				C3D73CC918031FEA00B04EFF /* CLGallaryViewController.xib in Resources */,
				C3CED12417F57C02002EB8FF /* bookkeeping.png in Resources */,
				C3670C7C17F13D7000F96F6D /* 12.jpg in Resources */,
				C3670C8117F13D7000F96F6D /* 0.jpg in Resources */,
				C3CED12A17F5875A002EB8FF /* icon@2x.png in Resources */,
				C3670C7017F13D7000F96F6D /* 1.jpg in Resources */,
				C3E7946718113B1D008F23A2 /* keyDoneNormal.png in Resources */,
				C3670C7917F13D7000F96F6D /* 8.jpg in Resources */,
				C3670C7B17F13D7000F96F6D /* 11.jpg in Resources */,
				C3D21FD917F0B5250016EFAD /* picture.png in Resources */,
				84E60062182CCCA800AB7B2C /* blueMessage.png in Resources */,
				C3E7946618113B1D008F23A2 /* keyDoneHighlighted.png in Resources */,
				C3670C7317F13D7000F96F6D /* 10.jpg in Resources */,
				C3670C8017F13D7000F96F6D /* 17.jpg in Resources */,
				C3E76BD017F49B000053BBF7 /* CLDetailListViewController.xib in Resources */,
				84E60064182CCCB400AB7B2C /* grayMessage.png in Resources */,
				C3D21FD317F0B4260016EFAD /* picture@2x.png in Resources */,
				C3670C7617F13D7000F96F6D /* 15.jpg in Resources */,
				C3670C7417F13D7000F96F6D /* 4.jpg in Resources */,
				C3CED13017F58C0C002EB8FF /* Default@2x.png in Resources */,
				C3670C7817F13D7000F96F6D /* 7.jpg in Resources */,
				C3670C7217F13D7000F96F6D /* 3.jpg in Resources */,
				C3D21FD717F0B5250016EFAD /* contact_card.png in Resources */,
				C3670C7F17F13D7000F96F6D /* 16.jpg in Resources */,
				C3670C7517F13D7000F96F6D /* 5.jpg in Resources */,
				C3CED12517F57C02002EB8FF /* direction.png in Resources */,
				C3D21FD817F0B5250016EFAD /* domain.png in Resources */,
				C3670C7E17F13D7000F96F6D /* 14.jpg in Resources */,
			);
			runOnlyForDeploymentPostprocessing = 0;
		};
		C3D21F9717F096710016EFAD /* Resources */ = {
			isa = PBXResourcesBuildPhase;
			buildActionMask = 2147483647;
			files = (
				C3D21FA517F096710016EFAD /* InfoPlist.strings in Resources */,
			);
			runOnlyForDeploymentPostprocessing = 0;
		};
/* End PBXResourcesBuildPhase section */

/* Begin PBXSourcesBuildPhase section */
		C3D21F7A17F096700016EFAD /* Sources */ = {
			isa = PBXSourcesBuildPhase;
			buildActionMask = 2147483647;
			files = (
				9230725118BA568200FC5E9F /* CLMDetailViewController.m in Sources */,
				84E6005C182B6BEB00AB7B2C /* CLServiceCell.m in Sources */,
				C3FB6FE6180BB1E30035F79A /* Direction.m in Sources */,
				C3BE31891806915800C39B88 /* DDXMLNode.m in Sources */,
				C3D5F8C1180A832500C6B40E /* CLDataBaseDelegate.m in Sources */,
				C3BE31881806915800C39B88 /* DDXMLElement.m in Sources */,
				C3BE31851806915800C39B88 /* DDXMLElementAdditions.m in Sources */,
				C3D5F8BE180A81D700C6B40E /* ListViewController.m in Sources */,
				C3BE31861806915800C39B88 /* NSString+DDXML.m in Sources */,
				C3BE31871806915800C39B88 /* DDXMLDocument.m in Sources */,
				C3E76BCF17F49B000053BBF7 /* CLDetailListViewController.m in Sources */,
				C3FB6FE3180BB1E30035F79A /* resourse.m in Sources */,
				C3FB6FE9180BB1E40035F79A /* Worker.m in Sources */,
				8465A425182A3E4900332F67 /* CLServiceViewController.m in Sources */,
				C39487521814527D00B0B8FC /* CLListTableViewCell.m in Sources */,
				C3D21F8E17F096700016EFAD /* main.m in Sources */,
				C3FB6FE0180BB1E30035F79A /* Bookkeeping.m in Sources */,
				C3CED0C317F2B9A9002EB8FF /* CLBashData.m in Sources */,
				C3D21F9217F096700016EFAD /* CLAppDelegate.m in Sources */,
				C3CED11817F3FFE2002EB8FF /* listDB.xcdatamodeld in Sources */,
				C3D73CC818031FEA00B04EFF /* CLGallaryViewController.m in Sources */,
			);
			runOnlyForDeploymentPostprocessing = 0;
		};
		C3D21F9517F096710016EFAD /* Sources */ = {
			isa = PBXSourcesBuildPhase;
			buildActionMask = 2147483647;
			files = (
				C3D21FA717F096710016EFAD /* testJobProjectTests.m in Sources */,
			);
			runOnlyForDeploymentPostprocessing = 0;
		};
/* End PBXSourcesBuildPhase section */

/* Begin PBXTargetDependency section */
		C3D21F9F17F096710016EFAD /* PBXTargetDependency */ = {
			isa = PBXTargetDependency;
			target = C3D21F7D17F096700016EFAD /* testJobProject */;
			targetProxy = C3D21F9E17F096710016EFAD /* PBXContainerItemProxy */;
		};
/* End PBXTargetDependency section */

/* Begin PBXVariantGroup section */
		C3D21F8A17F096700016EFAD /* InfoPlist.strings */ = {
			isa = PBXVariantGroup;
			children = (
				C3D21F8B17F096700016EFAD /* en */,
			);
			name = InfoPlist.strings;
			sourceTree = "<group>";
		};
		C3D21FA317F096710016EFAD /* InfoPlist.strings */ = {
			isa = PBXVariantGroup;
			children = (
				C3D21FA417F096710016EFAD /* en */,
			);
			name = InfoPlist.strings;
			sourceTree = "<group>";
		};
/* End PBXVariantGroup section */

/* Begin XCBuildConfiguration section */
		C3D21FA817F096710016EFAD /* Debug */ = {
			isa = XCBuildConfiguration;
			buildSettings = {
				ALWAYS_SEARCH_USER_PATHS = NO;
				ARCHS = "$(ARCHS_STANDARD_INCLUDING_64_BIT)";
				CLANG_CXX_LANGUAGE_STANDARD = "gnu++0x";
				CLANG_CXX_LIBRARY = "libc++";
				CLANG_ENABLE_MODULES = YES;
				CLANG_ENABLE_OBJC_ARC = YES;
				CLANG_WARN_BOOL_CONVERSION = YES;
				CLANG_WARN_CONSTANT_CONVERSION = YES;
				CLANG_WARN_DIRECT_OBJC_ISA_USAGE = YES_ERROR;
				CLANG_WARN_EMPTY_BODY = YES;
				CLANG_WARN_ENUM_CONVERSION = YES;
				CLANG_WARN_INT_CONVERSION = YES;
				CLANG_WARN_OBJC_ROOT_CLASS = YES_ERROR;
				CLANG_WARN__DUPLICATE_METHOD_MATCH = YES;
				"CODE_SIGN_IDENTITY[sdk=iphoneos*]" = "iPhone Developer";
				COPY_PHASE_STRIP = NO;
				GCC_C_LANGUAGE_STANDARD = gnu99;
				GCC_DYNAMIC_NO_PIC = NO;
				GCC_OPTIMIZATION_LEVEL = 0;
				GCC_PREPROCESSOR_DEFINITIONS = (
					"DEBUG=1",
					"$(inherited)",
				);
				GCC_SYMBOLS_PRIVATE_EXTERN = NO;
				GCC_WARN_64_TO_32_BIT_CONVERSION = YES;
				GCC_WARN_ABOUT_RETURN_TYPE = YES_ERROR;
				GCC_WARN_UNDECLARED_SELECTOR = YES;
				GCC_WARN_UNINITIALIZED_AUTOS = YES;
				GCC_WARN_UNUSED_FUNCTION = YES;
				GCC_WARN_UNUSED_VARIABLE = YES;
				IPHONEOS_DEPLOYMENT_TARGET = 7.0;
				ONLY_ACTIVE_ARCH = YES;
				SDKROOT = iphoneos;
			};
			name = Debug;
		};
		C3D21FA917F096710016EFAD /* Release */ = {
			isa = XCBuildConfiguration;
			buildSettings = {
				ALWAYS_SEARCH_USER_PATHS = NO;
				ARCHS = "$(ARCHS_STANDARD_INCLUDING_64_BIT)";
				CLANG_CXX_LANGUAGE_STANDARD = "gnu++0x";
				CLANG_CXX_LIBRARY = "libc++";
				CLANG_ENABLE_MODULES = YES;
				CLANG_ENABLE_OBJC_ARC = YES;
				CLANG_WARN_BOOL_CONVERSION = YES;
				CLANG_WARN_CONSTANT_CONVERSION = YES;
				CLANG_WARN_DIRECT_OBJC_ISA_USAGE = YES_ERROR;
				CLANG_WARN_EMPTY_BODY = YES;
				CLANG_WARN_ENUM_CONVERSION = YES;
				CLANG_WARN_INT_CONVERSION = YES;
				CLANG_WARN_OBJC_ROOT_CLASS = YES_ERROR;
				CLANG_WARN__DUPLICATE_METHOD_MATCH = YES;
				"CODE_SIGN_IDENTITY[sdk=iphoneos*]" = "iPhone Developer";
				COPY_PHASE_STRIP = YES;
				ENABLE_NS_ASSERTIONS = NO;
				GCC_C_LANGUAGE_STANDARD = gnu99;
				GCC_WARN_64_TO_32_BIT_CONVERSION = YES;
				GCC_WARN_ABOUT_RETURN_TYPE = YES_ERROR;
				GCC_WARN_UNDECLARED_SELECTOR = YES;
				GCC_WARN_UNINITIALIZED_AUTOS = YES;
				GCC_WARN_UNUSED_FUNCTION = YES;
				GCC_WARN_UNUSED_VARIABLE = YES;
				IPHONEOS_DEPLOYMENT_TARGET = 7.0;
				SDKROOT = iphoneos;
				VALIDATE_PRODUCT = YES;
			};
			name = Release;
		};
		C3D21FAB17F096710016EFAD /* Debug */ = {
			isa = XCBuildConfiguration;
			buildSettings = {
				ASSETCATALOG_COMPILER_APPICON_NAME = AppIcon;
				ASSETCATALOG_COMPILER_LAUNCHIMAGE_NAME = LaunchImage;
				CLANG_ENABLE_OBJC_ARC = NO;
				GCC_PRECOMPILE_PREFIX_HEADER = YES;
				GCC_PREFIX_HEADER = "testJobProject/testJobProject-Prefix.pch";
				"GCC_VERSION[arch=*]" = "";
				"HEADER_SEARCH_PATHS[arch=*]" = /usr/include/libxml2;
				INFOPLIST_FILE = "testJobProject/testJobProject-Info.plist";
				OTHER_LDFLAGS = "-lxml2";
				PRODUCT_NAME = "$(TARGET_NAME)";
				WRAPPER_EXTENSION = app;
			};
			name = Debug;
		};
		C3D21FAC17F096710016EFAD /* Release */ = {
			isa = XCBuildConfiguration;
			buildSettings = {
				ASSETCATALOG_COMPILER_APPICON_NAME = AppIcon;
				ASSETCATALOG_COMPILER_LAUNCHIMAGE_NAME = LaunchImage;
				CLANG_ENABLE_OBJC_ARC = NO;
				GCC_PRECOMPILE_PREFIX_HEADER = YES;
				GCC_PREFIX_HEADER = "testJobProject/testJobProject-Prefix.pch";
				"HEADER_SEARCH_PATHS[arch=*]" = /usr/include/libxml2;
				INFOPLIST_FILE = "testJobProject/testJobProject-Info.plist";
				OTHER_LDFLAGS = "-lxml2";
				PRODUCT_NAME = "$(TARGET_NAME)";
				WRAPPER_EXTENSION = app;
			};
			name = Release;
		};
		C3D21FAE17F096710016EFAD /* Debug */ = {
			isa = XCBuildConfiguration;
			buildSettings = {
				ARCHS = "$(ARCHS_STANDARD_INCLUDING_64_BIT)";
				BUNDLE_LOADER = "$(BUILT_PRODUCTS_DIR)/testJobProject.app/testJobProject";
				FRAMEWORK_SEARCH_PATHS = (
					"$(SDKROOT)/Developer/Library/Frameworks",
					"$(inherited)",
					"$(DEVELOPER_FRAMEWORKS_DIR)",
				);
				GCC_PRECOMPILE_PREFIX_HEADER = YES;
				GCC_PREFIX_HEADER = "testJobProject/testJobProject-Prefix.pch";
				GCC_PREPROCESSOR_DEFINITIONS = (
					"DEBUG=1",
					"$(inherited)",
				);
				INFOPLIST_FILE = "testJobProjectTests/testJobProjectTests-Info.plist";
				PRODUCT_NAME = "$(TARGET_NAME)";
				TEST_HOST = "$(BUNDLE_LOADER)";
				WRAPPER_EXTENSION = xctest;
			};
			name = Debug;
		};
		C3D21FAF17F096710016EFAD /* Release */ = {
			isa = XCBuildConfiguration;
			buildSettings = {
				ARCHS = "$(ARCHS_STANDARD_INCLUDING_64_BIT)";
				BUNDLE_LOADER = "$(BUILT_PRODUCTS_DIR)/testJobProject.app/testJobProject";
				FRAMEWORK_SEARCH_PATHS = (
					"$(SDKROOT)/Developer/Library/Frameworks",
					"$(inherited)",
					"$(DEVELOPER_FRAMEWORKS_DIR)",
				);
				GCC_PRECOMPILE_PREFIX_HEADER = YES;
				GCC_PREFIX_HEADER = "testJobProject/testJobProject-Prefix.pch";
				INFOPLIST_FILE = "testJobProjectTests/testJobProjectTests-Info.plist";
				PRODUCT_NAME = "$(TARGET_NAME)";
				TEST_HOST = "$(BUNDLE_LOADER)";
				WRAPPER_EXTENSION = xctest;
			};
			name = Release;
		};
/* End XCBuildConfiguration section */

/* Begin XCConfigurationList section */
		C3D21F7917F096700016EFAD /* Build configuration list for PBXProject "testJobProject" */ = {
			isa = XCConfigurationList;
			buildConfigurations = (
				C3D21FA817F096710016EFAD /* Debug */,
				C3D21FA917F096710016EFAD /* Release */,
			);
			defaultConfigurationIsVisible = 0;
			defaultConfigurationName = Release;
		};
		C3D21FAA17F096710016EFAD /* Build configuration list for PBXNativeTarget "testJobProject" */ = {
			isa = XCConfigurationList;
			buildConfigurations = (
				C3D21FAB17F096710016EFAD /* Debug */,
				C3D21FAC17F096710016EFAD /* Release */,
			);
			defaultConfigurationIsVisible = 0;
			defaultConfigurationName = Release;
		};
		C3D21FAD17F096710016EFAD /* Build configuration list for PBXNativeTarget "testJobProjectTests" */ = {
			isa = XCConfigurationList;
			buildConfigurations = (
				C3D21FAE17F096710016EFAD /* Debug */,
				C3D21FAF17F096710016EFAD /* Release */,
			);
			defaultConfigurationIsVisible = 0;
			defaultConfigurationName = Release;
		};
/* End XCConfigurationList section */

/* Begin XCVersionGroup section */
		C3CED11617F3FFE2002EB8FF /* listDB.xcdatamodeld */ = {
			isa = XCVersionGroup;
			children = (
				C3CED11717F3FFE2002EB8FF /* listDB.xcdatamodel */,
			);
			currentVersion = C3CED11717F3FFE2002EB8FF /* listDB.xcdatamodel */;
			path = listDB.xcdatamodeld;
			sourceTree = "<group>";
			versionGroupType = wrapper.xcdatamodel;
		};
/* End XCVersionGroup section */
	};
	rootObject = C3D21F7617F096700016EFAD /* Project object */;
}
